// !$*UTF8*$!
{
	archiveVersion = 1;
	classes = {
	};
	objectVersion = 50;
	objects = {

/* Begin PBXBuildFile section */
		B64F3B4A21A693730010C77D /* ArretsViewController.swift in Sources */ = {isa = PBXBuildFile; fileRef = B64F3B4921A693730010C77D /* ArretsViewController.swift */; };
		B64F3B4C21A696580010C77D /* ArretsCell.swift in Sources */ = {isa = PBXBuildFile; fileRef = B64F3B4B21A696580010C77D /* ArretsCell.swift */; };
		B64F3B5021A69BDF0010C77D /* ArretsParserXML.swift in Sources */ = {isa = PBXBuildFile; fileRef = B64F3B4F21A69BDF0010C77D /* ArretsParserXML.swift */; };
		B65512D221AD99E600A87E7D /* HoraireViewController.swift in Sources */ = {isa = PBXBuildFile; fileRef = B65512D121AD99E600A87E7D /* HoraireViewController.swift */; };
		B66E925F219D7335000D1719 /* HomeParserXML.swift in Sources */ = {isa = PBXBuildFile; fileRef = B66E925E219D7335000D1719 /* HomeParserXML.swift */; };
		B66FE3FE219B1CD7002CA082 /* AppDelegate.swift in Sources */ = {isa = PBXBuildFile; fileRef = B66FE3FD219B1CD7002CA082 /* AppDelegate.swift */; };
		B66FE400219B1CD7002CA082 /* ViewController.swift in Sources */ = {isa = PBXBuildFile; fileRef = B66FE3FF219B1CD7002CA082 /* ViewController.swift */; };
		B66FE403219B1CD7002CA082 /* Main.storyboard in Resources */ = {isa = PBXBuildFile; fileRef = B66FE401219B1CD7002CA082 /* Main.storyboard */; };
		B66FE406219B1CD7002CA082 /* DiviaHoraire.xcdatamodeld in Sources */ = {isa = PBXBuildFile; fileRef = B66FE404219B1CD7002CA082 /* DiviaHoraire.xcdatamodeld */; };
		B66FE408219B1CD7002CA082 /* Assets.xcassets in Resources */ = {isa = PBXBuildFile; fileRef = B66FE407219B1CD7002CA082 /* Assets.xcassets */; };
		B66FE40B219B1CD7002CA082 /* LaunchScreen.storyboard in Resources */ = {isa = PBXBuildFile; fileRef = B66FE409219B1CD7002CA082 /* LaunchScreen.storyboard */; };
		B6F2863421ADA1BE0082E2DD /* HoraireParserXML.swift in Sources */ = {isa = PBXBuildFile; fileRef = B6F2863321ADA1BE0082E2DD /* HoraireParserXML.swift */; };
		C0D0F978219DDE4E00EEB9F7 /* LigneCell.swift in Sources */ = {isa = PBXBuildFile; fileRef = C0D0F977219DDE4D00EEB9F7 /* LigneCell.swift */; };
/* End PBXBuildFile section */

/* Begin PBXFileReference section */
		B64F3B4921A693730010C77D /* ArretsViewController.swift */ = {isa = PBXFileReference; lastKnownFileType = sourcecode.swift; path = ArretsViewController.swift; sourceTree = "<group>"; };
		B64F3B4B21A696580010C77D /* ArretsCell.swift */ = {isa = PBXFileReference; lastKnownFileType = sourcecode.swift; path = ArretsCell.swift; sourceTree = "<group>"; };
		B64F3B4F21A69BDF0010C77D /* ArretsParserXML.swift */ = {isa = PBXFileReference; lastKnownFileType = sourcecode.swift; path = ArretsParserXML.swift; sourceTree = "<group>"; };
		B65512D121AD99E600A87E7D /* HoraireViewController.swift */ = {isa = PBXFileReference; lastKnownFileType = sourcecode.swift; path = HoraireViewController.swift; sourceTree = "<group>"; };
		B66E925E219D7335000D1719 /* HomeParserXML.swift */ = {isa = PBXFileReference; lastKnownFileType = sourcecode.swift; path = HomeParserXML.swift; sourceTree = "<group>"; };
		B66FE3FA219B1CD7002CA082 /* DiviaHoraire.app */ = {isa = PBXFileReference; explicitFileType = wrapper.application; includeInIndex = 0; path = DiviaHoraire.app; sourceTree = BUILT_PRODUCTS_DIR; };
		B66FE3FD219B1CD7002CA082 /* AppDelegate.swift */ = {isa = PBXFileReference; lastKnownFileType = sourcecode.swift; path = AppDelegate.swift; sourceTree = "<group>"; };
		B66FE3FF219B1CD7002CA082 /* ViewController.swift */ = {isa = PBXFileReference; lastKnownFileType = sourcecode.swift; path = ViewController.swift; sourceTree = "<group>"; };
		B66FE402219B1CD7002CA082 /* Base */ = {isa = PBXFileReference; lastKnownFileType = file.storyboard; name = Base; path = Base.lproj/Main.storyboard; sourceTree = "<group>"; };
		B66FE405219B1CD7002CA082 /* DiviaHoraire.xcdatamodel */ = {isa = PBXFileReference; lastKnownFileType = wrapper.xcdatamodel; path = DiviaHoraire.xcdatamodel; sourceTree = "<group>"; };
		B66FE407219B1CD7002CA082 /* Assets.xcassets */ = {isa = PBXFileReference; lastKnownFileType = folder.assetcatalog; path = Assets.xcassets; sourceTree = "<group>"; };
		B66FE40A219B1CD7002CA082 /* Base */ = {isa = PBXFileReference; lastKnownFileType = file.storyboard; name = Base; path = Base.lproj/LaunchScreen.storyboard; sourceTree = "<group>"; };
		B66FE40C219B1CD7002CA082 /* Info.plist */ = {isa = PBXFileReference; lastKnownFileType = text.plist.xml; path = Info.plist; sourceTree = "<group>"; };
		B6F2863321ADA1BE0082E2DD /* HoraireParserXML.swift */ = {isa = PBXFileReference; lastKnownFileType = sourcecode.swift; path = HoraireParserXML.swift; sourceTree = "<group>"; };
		C0D0F977219DDE4D00EEB9F7 /* LigneCell.swift */ = {isa = PBXFileReference; lastKnownFileType = sourcecode.swift; path = LigneCell.swift; sourceTree = "<group>"; };
/* End PBXFileReference section */

/* Begin PBXFrameworksBuildPhase section */
		B66FE3F7219B1CD7002CA082 /* Frameworks */ = {
			isa = PBXFrameworksBuildPhase;
			buildActionMask = 2147483647;
			files = (
			);
			runOnlyForDeploymentPostprocessing = 0;
		};
/* End PBXFrameworksBuildPhase section */

/* Begin PBXGroup section */
		B64F3B4E21A699D00010C77D /* Arret */ = {
			isa = PBXGroup;
			children = (
				B64F3B4921A693730010C77D /* ArretsViewController.swift */,
				B64F3B4B21A696580010C77D /* ArretsCell.swift */,
				B64F3B4F21A69BDF0010C77D /* ArretsParserXML.swift */,
			);
			name = Arret;
			sourceTree = "<group>";
		};
		B65512D021AD983900A87E7D /* Horaire */ = {
			isa = PBXGroup;
			children = (
				B65512D121AD99E600A87E7D /* HoraireViewController.swift */,
				B6F2863321ADA1BE0082E2DD /* HoraireParserXML.swift */,
			);
			name = Horaire;
			sourceTree = "<group>";
		};
		B66FE3F1219B1CD7002CA082 = {
			isa = PBXGroup;
			children = (
				B66FE3FC219B1CD7002CA082 /* DiviaHoraire */,
				B66FE3FB219B1CD7002CA082 /* Products */,
			);
			sourceTree = "<group>";
		};
		B66FE3FB219B1CD7002CA082 /* Products */ = {
			isa = PBXGroup;
			children = (
				B66FE3FA219B1CD7002CA082 /* DiviaHoraire.app */,
			);
			name = Products;
			sourceTree = "<group>";
		};
		B66FE3FC219B1CD7002CA082 /* DiviaHoraire */ = {
			isa = PBXGroup;
			children = (
				B65512D021AD983900A87E7D /* Horaire */,
				B64F3B4E21A699D00010C77D /* Arret */,
				B66FE3FD219B1CD7002CA082 /* AppDelegate.swift */,
				B66FE3FF219B1CD7002CA082 /* ViewController.swift */,
				B66FE401219B1CD7002CA082 /* Main.storyboard */,
				B66FE407219B1CD7002CA082 /* Assets.xcassets */,
				B66FE409219B1CD7002CA082 /* LaunchScreen.storyboard */,
				B66FE40C219B1CD7002CA082 /* Info.plist */,
				B66FE404219B1CD7002CA082 /* DiviaHoraire.xcdatamodeld */,
				B66E925E219D7335000D1719 /* HomeParserXML.swift */,
				C0D0F977219DDE4D00EEB9F7 /* LigneCell.swift */,
			);
			path = DiviaHoraire;
			sourceTree = "<group>";
		};
/* End PBXGroup section */

/* Begin PBXNativeTarget section */
		B66FE3F9219B1CD7002CA082 /* DiviaHoraire */ = {
			isa = PBXNativeTarget;
			buildConfigurationList = B66FE40F219B1CD7002CA082 /* Build configuration list for PBXNativeTarget "DiviaHoraire" */;
			buildPhases = (
				B66FE3F6219B1CD7002CA082 /* Sources */,
				B66FE3F7219B1CD7002CA082 /* Frameworks */,
				B66FE3F8219B1CD7002CA082 /* Resources */,
			);
			buildRules = (
			);
			dependencies = (
			);
			name = DiviaHoraire;
			productName = DiviaHoraire;
			productReference = B66FE3FA219B1CD7002CA082 /* DiviaHoraire.app */;
			productType = "com.apple.product-type.application";
		};
/* End PBXNativeTarget section */

/* Begin PBXProject section */
		B66FE3F2219B1CD7002CA082 /* Project object */ = {
			isa = PBXProject;
			attributes = {
				LastSwiftUpdateCheck = 0940;
				LastUpgradeCheck = 0940;
				ORGANIZATIONNAME = esirem;
				TargetAttributes = {
					B66FE3F9219B1CD7002CA082 = {
						CreatedOnToolsVersion = 9.4.1;
					};
				};
			};
			buildConfigurationList = B66FE3F5219B1CD7002CA082 /* Build configuration list for PBXProject "DiviaHoraire" */;
			compatibilityVersion = "Xcode 9.3";
			developmentRegion = en;
			hasScannedForEncodings = 0;
			knownRegions = (
				en,
				Base,
			);
			mainGroup = B66FE3F1219B1CD7002CA082;
			productRefGroup = B66FE3FB219B1CD7002CA082 /* Products */;
			projectDirPath = "";
			projectRoot = "";
			targets = (
				B66FE3F9219B1CD7002CA082 /* DiviaHoraire */,
			);
		};
/* End PBXProject section */

/* Begin PBXResourcesBuildPhase section */
		B66FE3F8219B1CD7002CA082 /* Resources */ = {
			isa = PBXResourcesBuildPhase;
			buildActionMask = 2147483647;
			files = (
				B66FE40B219B1CD7002CA082 /* LaunchScreen.storyboard in Resources */,
				B66FE408219B1CD7002CA082 /* Assets.xcassets in Resources */,
				B66FE403219B1CD7002CA082 /* Main.storyboard in Resources */,
			);
			runOnlyForDeploymentPostprocessing = 0;
		};
/* End PBXResourcesBuildPhase section */

/* Begin PBXSourcesBuildPhase section */
		B66FE3F6219B1CD7002CA082 /* Sources */ = {
			isa = PBXSourcesBuildPhase;
			buildActionMask = 2147483647;
			files = (
				B66FE406219B1CD7002CA082 /* DiviaHoraire.xcdatamodeld in Sources */,
				B64F3B4A21A693730010C77D /* ArretsViewController.swift in Sources */,
				C0D0F978219DDE4E00EEB9F7 /* LigneCell.swift in Sources */,
				B6F2863421ADA1BE0082E2DD /* HoraireParserXML.swift in Sources */,
				B64F3B4C21A696580010C77D /* ArretsCell.swift in Sources */,
				B66E925F219D7335000D1719 /* HomeParserXML.swift in Sources */,
				B66FE400219B1CD7002CA082 /* ViewController.swift in Sources */,
				B66FE3FE219B1CD7002CA082 /* AppDelegate.swift in Sources */,
				B64F3B5021A69BDF0010C77D /* ArretsParserXML.swift in Sources */,
				B65512D221AD99E600A87E7D /* HoraireViewController.swift in Sources */,
			);
			runOnlyForDeploymentPostprocessing = 0;
		};
/* End PBXSourcesBuildPhase section */

/* Begin PBXVariantGroup section */
		B66FE401219B1CD7002CA082 /* Main.storyboard */ = {
			isa = PBXVariantGroup;
			children = (
				B66FE402219B1CD7002CA082 /* Base */,
			);
			name = Main.storyboard;
			sourceTree = "<group>";
		};
		B66FE409219B1CD7002CA082 /* LaunchScreen.storyboard */ = {
			isa = PBXVariantGroup;
			children = (
				B66FE40A219B1CD7002CA082 /* Base */,
			);
			name = LaunchScreen.storyboard;
			sourceTree = "<group>";
		};
/* End PBXVariantGroup section */

/* Begin XCBuildConfiguration section */
		B66FE40D219B1CD7002CA082 /* Debug */ = {
			isa = XCBuildConfiguration;
			buildSettings = {
				ALWAYS_SEARCH_USER_PATHS = NO;
				CLANG_ANALYZER_NONNULL = YES;
				CLANG_ANALYZER_NUMBER_OBJECT_CONVERSION = YES_AGGRESSIVE;
				CLANG_CXX_LANGUAGE_STANDARD = "gnu++14";
				CLANG_CXX_LIBRARY = "libc++";
				CLANG_ENABLE_MODULES = YES;
				CLANG_ENABLE_OBJC_ARC = YES;
				CLANG_ENABLE_OBJC_WEAK = YES;
				CLANG_WARN_BLOCK_CAPTURE_AUTORELEASING = YES;
				CLANG_WARN_BOOL_CONVERSION = YES;
				CLANG_WARN_COMMA = YES;
				CLANG_WARN_CONSTANT_CONVERSION = YES;
				CLANG_WARN_DEPRECATED_OBJC_IMPLEMENTATIONS = YES;
				CLANG_WARN_DIRECT_OBJC_ISA_USAGE = YES_ERROR;
				CLANG_WARN_DOCUMENTATION_COMMENTS = YES;
				CLANG_WARN_EMPTY_BODY = YES;
				CLANG_WARN_ENUM_CONVERSION = YES;
				CLANG_WARN_INFINITE_RECURSION = YES;
				CLANG_WARN_INT_CONVERSION = YES;
				CLANG_WARN_NON_LITERAL_NULL_CONVERSION = YES;
				CLANG_WARN_OBJC_IMPLICIT_RETAIN_SELF = YES;
				CLANG_WARN_OBJC_LITERAL_CONVERSION = YES;
				CLANG_WARN_OBJC_ROOT_CLASS = YES_ERROR;
				CLANG_WARN_RANGE_LOOP_ANALYSIS = YES;
				CLANG_WARN_STRICT_PROTOTYPES = YES;
				CLANG_WARN_SUSPICIOUS_MOVE = YES;
				CLANG_WARN_UNGUARDED_AVAILABILITY = YES_AGGRESSIVE;
				CLANG_WARN_UNREACHABLE_CODE = YES;
				CLANG_WARN__DUPLICATE_METHOD_MATCH = YES;
				CODE_SIGN_IDENTITY = "iPhone Developer";
				COPY_PHASE_STRIP = NO;
				DEBUG_INFORMATION_FORMAT = dwarf;
				ENABLE_STRICT_OBJC_MSGSEND = YES;
				ENABLE_TESTABILITY = YES;
				GCC_C_LANGUAGE_STANDARD = gnu11;
				GCC_DYNAMIC_NO_PIC = NO;
				GCC_NO_COMMON_BLOCKS = YES;
				GCC_OPTIMIZATION_LEVEL = 0;
				GCC_PREPROCESSOR_DEFINITIONS = (
					"DEBUG=1",
					"$(inherited)",
				);
				GCC_WARN_64_TO_32_BIT_CONVERSION = YES;
				GCC_WARN_ABOUT_RETURN_TYPE = YES_ERROR;
				GCC_WARN_UNDECLARED_SELECTOR = YES;
				GCC_WARN_UNINITIALIZED_AUTOS = YES_AGGRESSIVE;
				GCC_WARN_UNUSED_FUNCTION = YES;
				GCC_WARN_UNUSED_VARIABLE = YES;
				IPHONEOS_DEPLOYMENT_TARGET = 11.4;
				MTL_ENABLE_DEBUG_INFO = YES;
				ONLY_ACTIVE_ARCH = YES;
				SDKROOT = iphoneos;
				SWIFT_ACTIVE_COMPILATION_CONDITIONS = DEBUG;
				SWIFT_OPTIMIZATION_LEVEL = "-Onone";
			};
			name = Debug;
		};
		B66FE40E219B1CD7002CA082 /* Release */ = {
			isa = XCBuildConfiguration;
			buildSettings = {
				ALWAYS_SEARCH_USER_PATHS = NO;
				CLANG_ANALYZER_NONNULL = YES;
				CLANG_ANALYZER_NUMBER_OBJECT_CONVERSION = YES_AGGRESSIVE;
				CLANG_CXX_LANGUAGE_STANDARD = "gnu++14";
				CLANG_CXX_LIBRARY = "libc++";
				CLANG_ENABLE_MODULES = YES;
				CLANG_ENABLE_OBJC_ARC = YES;
				CLANG_ENABLE_OBJC_WEAK = YES;
				CLANG_WARN_BLOCK_CAPTURE_AUTORELEASING = YES;
				CLANG_WARN_BOOL_CONVERSION = YES;
				CLANG_WARN_COMMA = YES;
				CLANG_WARN_CONSTANT_CONVERSION = YES;
				CLANG_WARN_DEPRECATED_OBJC_IMPLEMENTATIONS = YES;
				CLANG_WARN_DIRECT_OBJC_ISA_USAGE = YES_ERROR;
				CLANG_WARN_DOCUMENTATION_COMMENTS = YES;
				CLANG_WARN_EMPTY_BODY = YES;
				CLANG_WARN_ENUM_CONVERSION = YES;
				CLANG_WARN_INFINITE_RECURSION = YES;
				CLANG_WARN_INT_CONVERSION = YES;
				CLANG_WARN_NON_LITERAL_NULL_CONVERSION = YES;
				CLANG_WARN_OBJC_IMPLICIT_RETAIN_SELF = YES;
				CLANG_WARN_OBJC_LITERAL_CONVERSION = YES;
				CLANG_WARN_OBJC_ROOT_CLASS = YES_ERROR;
				CLANG_WARN_RANGE_LOOP_ANALYSIS = YES;
				CLANG_WARN_STRICT_PROTOTYPES = YES;
				CLANG_WARN_SUSPICIOUS_MOVE = YES;
				CLANG_WARN_UNGUARDED_AVAILABILITY = YES_AGGRESSIVE;
				CLANG_WARN_UNREACHABLE_CODE = YES;
				CLANG_WARN__DUPLICATE_METHOD_MATCH = YES;
				CODE_SIGN_IDENTITY = "iPhone Developer";
				COPY_PHASE_STRIP = NO;
				DEBUG_INFORMATION_FORMAT = "dwarf-with-dsym";
				ENABLE_NS_ASSERTIONS = NO;
				ENABLE_STRICT_OBJC_MSGSEND = YES;
				GCC_C_LANGUAGE_STANDARD = gnu11;
				GCC_NO_COMMON_BLOCKS = YES;
				GCC_WARN_64_TO_32_BIT_CONVERSION = YES;
				GCC_WARN_ABOUT_RETURN_TYPE = YES_ERROR;
				GCC_WARN_UNDECLARED_SELECTOR = YES;
				GCC_WARN_UNINITIALIZED_AUTOS = YES_AGGRESSIVE;
				GCC_WARN_UNUSED_FUNCTION = YES;
				GCC_WARN_UNUSED_VARIABLE = YES;
				IPHONEOS_DEPLOYMENT_TARGET = 11.4;
				MTL_ENABLE_DEBUG_INFO = NO;
				SDKROOT = iphoneos;
				SWIFT_COMPILATION_MODE = wholemodule;
				SWIFT_OPTIMIZATION_LEVEL = "-O";
				VALIDATE_PRODUCT = YES;
			};
			name = Release;
		};
		B66FE410219B1CD7002CA082 /* Debug */ = {
			isa = XCBuildConfiguration;
			buildSettings = {
				ASSETCATALOG_COMPILER_APPICON_NAME = AppIcon;
				CODE_SIGN_STYLE = Automatic;
				INFOPLIST_FILE = DiviaHoraire/Info.plist;
				LD_RUNPATH_SEARCH_PATHS = (
					"$(inherited)",
					"@executable_path/Frameworks",
				);
				PRODUCT_BUNDLE_IDENTIFIER = com.mahmedov.DiviaHoraire;
				PRODUCT_NAME = "$(TARGET_NAME)";
				SWIFT_VERSION = 4.0;
				TARGETED_DEVICE_FAMILY = "1,2";
			};
			name = Debug;
		};
		B66FE411219B1CD7002CA082 /* Release */ = {
			isa = XCBuildConfiguration;
			buildSettings = {
				ASSETCATALOG_COMPILER_APPICON_NAME = AppIcon;
				CODE_SIGN_STYLE = Automatic;
				INFOPLIST_FILE = DiviaHoraire/Info.plist;
				LD_RUNPATH_SEARCH_PATHS = (
					"$(inherited)",
					"@executable_path/Frameworks",
				);
				PRODUCT_BUNDLE_IDENTIFIER = com.mahmedov.DiviaHoraire;
				PRODUCT_NAME = "$(TARGET_NAME)";
				SWIFT_VERSION = 4.0;
				TARGETED_DEVICE_FAMILY = "1,2";
			};
			name = Release;
		};
/* End XCBuildConfiguration section */

/* Begin XCConfigurationList section */
		B66FE3F5219B1CD7002CA082 /* Build configuration list for PBXProject "DiviaHoraire" */ = {
			isa = XCConfigurationList;
			buildConfigurations = (
				B66FE40D219B1CD7002CA082 /* Debug */,
				B66FE40E219B1CD7002CA082 /* Release */,
			);
			defaultConfigurationIsVisible = 0;
			defaultConfigurationName = Release;
		};
		B66FE40F219B1CD7002CA082 /* Build configuration list for PBXNativeTarget "DiviaHoraire" */ = {
			isa = XCConfigurationList;
			buildConfigurations = (
				B66FE410219B1CD7002CA082 /* Debug */,
				B66FE411219B1CD7002CA082 /* Release */,
			);
			defaultConfigurationIsVisible = 0;
			defaultConfigurationName = Release;
		};
/* End XCConfigurationList section */

/* Begin XCVersionGroup section */
		B66FE404219B1CD7002CA082 /* DiviaHoraire.xcdatamodeld */ = {
			isa = XCVersionGroup;
			children = (
				B66FE405219B1CD7002CA082 /* DiviaHoraire.xcdatamodel */,
			);
			currentVersion = B66FE405219B1CD7002CA082 /* DiviaHoraire.xcdatamodel */;
			path = DiviaHoraire.xcdatamodeld;
			sourceTree = "<group>";
			versionGroupType = wrapper.xcdatamodel;
		};
/* End XCVersionGroup section */
	};
	rootObject = B66FE3F2219B1CD7002CA082 /* Project object */;
}
